// !$*UTF8*$!
{
	archiveVersion = 1;
	classes = {
	};
	objectVersion = 56;
	objects = {

/* Begin PBXBuildFile section */
		A7597B9B2BA73B9A00EB40E5 /* AppDelegate.swift in Sources */ = {isa = PBXBuildFile; fileRef = A7597B9A2BA73B9A00EB40E5 /* AppDelegate.swift */; };
		A7597B9D2BA73B9A00EB40E5 /* SceneDelegate.swift in Sources */ = {isa = PBXBuildFile; fileRef = A7597B9C2BA73B9A00EB40E5 /* SceneDelegate.swift */; };
		A7597B9F2BA73B9A00EB40E5 /* ViewController.swift in Sources */ = {isa = PBXBuildFile; fileRef = A7597B9E2BA73B9A00EB40E5 /* ViewController.swift */; };
		A7597BA42BA73B9B00EB40E5 /* Assets.xcassets in Resources */ = {isa = PBXBuildFile; fileRef = A7597BA32BA73B9B00EB40E5 /* Assets.xcassets */; };
		A7597BA72BA73B9B00EB40E5 /* Base in Resources */ = {isa = PBXBuildFile; fileRef = A7597BA62BA73B9B00EB40E5 /* Base */; };
		A7597BB12BA73C3300EB40E5 /* CircleAnimator.swift in Sources */ = {isa = PBXBuildFile; fileRef = A7597BB02BA73C3300EB40E5 /* CircleAnimator.swift */; };
		A7597BB32BA73C5600EB40E5 /* LineAnimator.swift in Sources */ = {isa = PBXBuildFile; fileRef = A7597BB22BA73C5600EB40E5 /* LineAnimator.swift */; };
		A7597BB62BA73C7C00EB40E5 /* AlertManager.swift in Sources */ = {isa = PBXBuildFile; fileRef = A7597BB52BA73C7C00EB40E5 /* AlertManager.swift */; };
		A7597BB82BA73C8D00EB40E5 /* HapticManager.swift in Sources */ = {isa = PBXBuildFile; fileRef = A7597BB72BA73C8D00EB40E5 /* HapticManager.swift */; };
		A7597BBB2BA73CAE00EB40E5 /* Constants.swift in Sources */ = {isa = PBXBuildFile; fileRef = A7597BBA2BA73CAE00EB40E5 /* Constants.swift */; };
		A7597BBD2BA73CC300EB40E5 /* CollisionDetector.swift in Sources */ = {isa = PBXBuildFile; fileRef = A7597BBC2BA73CC300EB40E5 /* CollisionDetector.swift */; };
		A7597BBF2BA73CD300EB40E5 /* CustomButton.swift in Sources */ = {isa = PBXBuildFile; fileRef = A7597BBE2BA73CD300EB40E5 /* CustomButton.swift */; };
/* End PBXBuildFile section */

/* Begin PBXFileReference section */
		A7597B972BA73B9A00EB40E5 /* testApplication.app */ = {isa = PBXFileReference; explicitFileType = wrapper.application; includeInIndex = 0; path = testApplication.app; sourceTree = BUILT_PRODUCTS_DIR; };
		A7597B9A2BA73B9A00EB40E5 /* AppDelegate.swift */ = {isa = PBXFileReference; lastKnownFileType = sourcecode.swift; path = AppDelegate.swift; sourceTree = "<group>"; };
		A7597B9C2BA73B9A00EB40E5 /* SceneDelegate.swift */ = {isa = PBXFileReference; lastKnownFileType = sourcecode.swift; path = SceneDelegate.swift; sourceTree = "<group>"; };
		A7597B9E2BA73B9A00EB40E5 /* ViewController.swift */ = {isa = PBXFileReference; lastKnownFileType = sourcecode.swift; path = ViewController.swift; sourceTree = "<group>"; };
		A7597BA32BA73B9B00EB40E5 /* Assets.xcassets */ = {isa = PBXFileReference; lastKnownFileType = folder.assetcatalog; path = Assets.xcassets; sourceTree = "<group>"; };
		A7597BA62BA73B9B00EB40E5 /* Base */ = {isa = PBXFileReference; lastKnownFileType = file.storyboard; name = Base; path = Base.lproj/LaunchScreen.storyboard; sourceTree = "<group>"; };
		A7597BA82BA73B9B00EB40E5 /* Info.plist */ = {isa = PBXFileReference; lastKnownFileType = text.plist.xml; path = Info.plist; sourceTree = "<group>"; };
		A7597BB02BA73C3300EB40E5 /* CircleAnimator.swift */ = {isa = PBXFileReference; lastKnownFileType = sourcecode.swift; path = CircleAnimator.swift; sourceTree = "<group>"; };
		A7597BB22BA73C5600EB40E5 /* LineAnimator.swift */ = {isa = PBXFileReference; lastKnownFileType = sourcecode.swift; path = LineAnimator.swift; sourceTree = "<group>"; };
		A7597BB52BA73C7C00EB40E5 /* AlertManager.swift */ = {isa = PBXFileReference; lastKnownFileType = sourcecode.swift; path = AlertManager.swift; sourceTree = "<group>"; };
		A7597BB72BA73C8D00EB40E5 /* HapticManager.swift */ = {isa = PBXFileReference; lastKnownFileType = sourcecode.swift; path = HapticManager.swift; sourceTree = "<group>"; };
		A7597BBA2BA73CAE00EB40E5 /* Constants.swift */ = {isa = PBXFileReference; lastKnownFileType = sourcecode.swift; path = Constants.swift; sourceTree = "<group>"; };
		A7597BBC2BA73CC300EB40E5 /* CollisionDetector.swift */ = {isa = PBXFileReference; lastKnownFileType = sourcecode.swift; path = CollisionDetector.swift; sourceTree = "<group>"; };
		A7597BBE2BA73CD300EB40E5 /* CustomButton.swift */ = {isa = PBXFileReference; lastKnownFileType = sourcecode.swift; path = CustomButton.swift; sourceTree = "<group>"; };
/* End PBXFileReference section */

/* Begin PBXFrameworksBuildPhase section */
		A7597B942BA73B9A00EB40E5 /* Frameworks */ = {
			isa = PBXFrameworksBuildPhase;
			buildActionMask = 2147483647;
			files = (
			);
			runOnlyForDeploymentPostprocessing = 0;
		};
/* End PBXFrameworksBuildPhase section */

/* Begin PBXGroup section */
		A7597B8E2BA73B9A00EB40E5 = {
			isa = PBXGroup;
			children = (
				A7597B992BA73B9A00EB40E5 /* testApplication */,
				A7597B982BA73B9A00EB40E5 /* Products */,
			);
			sourceTree = "<group>";
		};
		A7597B982BA73B9A00EB40E5 /* Products */ = {
			isa = PBXGroup;
			children = (
				A7597B972BA73B9A00EB40E5 /* testApplication.app */,
			);
			name = Products;
			sourceTree = "<group>";
		};
		A7597B992BA73B9A00EB40E5 /* testApplication */ = {
			isa = PBXGroup;
			children = (
				A7597BB92BA73C9E00EB40E5 /* Controls */,
				A7597BB42BA73C6F00EB40E5 /* Managers */,
				A7597BAF2BA73C1D00EB40E5 /* Animations */,
				A7597BAE2BA73BCD00EB40E5 /* Resources */,
				A7597B9E2BA73B9A00EB40E5 /* ViewController.swift */,
				A7597BA52BA73B9B00EB40E5 /* LaunchScreen.storyboard */,
				A7597BA82BA73B9B00EB40E5 /* Info.plist */,
			);
			path = testApplication;
			sourceTree = "<group>";
		};
		A7597BAE2BA73BCD00EB40E5 /* Resources */ = {
			isa = PBXGroup;
			children = (
				A7597BA32BA73B9B00EB40E5 /* Assets.xcassets */,
				A7597B9C2BA73B9A00EB40E5 /* SceneDelegate.swift */,
				A7597B9A2BA73B9A00EB40E5 /* AppDelegate.swift */,
			);
			path = Resources;
			sourceTree = "<group>";
		};
		A7597BAF2BA73C1D00EB40E5 /* Animations */ = {
			isa = PBXGroup;
			children = (
				A7597BB02BA73C3300EB40E5 /* CircleAnimator.swift */,
				A7597BB22BA73C5600EB40E5 /* LineAnimator.swift */,
			);
			path = Animations;
			sourceTree = "<group>";
		};
		A7597BB42BA73C6F00EB40E5 /* Managers */ = {
			isa = PBXGroup;
			children = (
				A7597BB52BA73C7C00EB40E5 /* AlertManager.swift */,
				A7597BB72BA73C8D00EB40E5 /* HapticManager.swift */,
			);
			path = Managers;
			sourceTree = "<group>";
		};
		A7597BB92BA73C9E00EB40E5 /* Controls */ = {
			isa = PBXGroup;
			children = (
				A7597BBA2BA73CAE00EB40E5 /* Constants.swift */,
				A7597BBC2BA73CC300EB40E5 /* CollisionDetector.swift */,
				A7597BBE2BA73CD300EB40E5 /* CustomButton.swift */,
			);
			path = Controls;
			sourceTree = "<group>";
		};
/* End PBXGroup section */

/* Begin PBXNativeTarget section */
		A7597B962BA73B9A00EB40E5 /* testApplication */ = {
			isa = PBXNativeTarget;
			buildConfigurationList = A7597BAB2BA73B9B00EB40E5 /* Build configuration list for PBXNativeTarget "testApplication" */;
			buildPhases = (
				A7597B932BA73B9A00EB40E5 /* Sources */,
				A7597B942BA73B9A00EB40E5 /* Frameworks */,
				A7597B952BA73B9A00EB40E5 /* Resources */,
			);
			buildRules = (
			);
			dependencies = (
			);
			name = testApplication;
			productName = testApplication;
			productReference = A7597B972BA73B9A00EB40E5 /* testApplication.app */;
			productType = "com.apple.product-type.application";
		};
/* End PBXNativeTarget section */

/* Begin PBXProject section */
		A7597B8F2BA73B9A00EB40E5 /* Project object */ = {
			isa = PBXProject;
			attributes = {
				BuildIndependentTargetsInParallel = 1;
				LastSwiftUpdateCheck = 1530;
				LastUpgradeCheck = 1530;
				TargetAttributes = {
					A7597B962BA73B9A00EB40E5 = {
						CreatedOnToolsVersion = 15.3;
					};
				};
			};
			buildConfigurationList = A7597B922BA73B9A00EB40E5 /* Build configuration list for PBXProject "testApplication" */;
			compatibilityVersion = "Xcode 14.0";
			developmentRegion = en;
			hasScannedForEncodings = 0;
			knownRegions = (
				en,
				Base,
			);
			mainGroup = A7597B8E2BA73B9A00EB40E5;
			productRefGroup = A7597B982BA73B9A00EB40E5 /* Products */;
			projectDirPath = "";
			projectRoot = "";
			targets = (
				A7597B962BA73B9A00EB40E5 /* testApplication */,
			);
		};
/* End PBXProject section */

/* Begin PBXResourcesBuildPhase section */
		A7597B952BA73B9A00EB40E5 /* Resources */ = {
			isa = PBXResourcesBuildPhase;
			buildActionMask = 2147483647;
			files = (
				A7597BA42BA73B9B00EB40E5 /* Assets.xcassets in Resources */,
				A7597BA72BA73B9B00EB40E5 /* Base in Resources */,
			);
			runOnlyForDeploymentPostprocessing = 0;
		};
/* End PBXResourcesBuildPhase section */

/* Begin PBXSourcesBuildPhase section */
		A7597B932BA73B9A00EB40E5 /* Sources */ = {
			isa = PBXSourcesBuildPhase;
			buildActionMask = 2147483647;
			files = (
				A7597BB32BA73C5600EB40E5 /* LineAnimator.swift in Sources */,
				A7597BB12BA73C3300EB40E5 /* CircleAnimator.swift in Sources */,
				A7597BB82BA73C8D00EB40E5 /* HapticManager.swift in Sources */,
				A7597BBD2BA73CC300EB40E5 /* CollisionDetector.swift in Sources */,
				A7597BBF2BA73CD300EB40E5 /* CustomButton.swift in Sources */,
				A7597BB62BA73C7C00EB40E5 /* AlertManager.swift in Sources */,
				A7597B9F2BA73B9A00EB40E5 /* ViewController.swift in Sources */,
				A7597B9B2BA73B9A00EB40E5 /* AppDelegate.swift in Sources */,
				A7597B9D2BA73B9A00EB40E5 /* SceneDelegate.swift in Sources */,
				A7597BBB2BA73CAE00EB40E5 /* Constants.swift in Sources */,
			);
			runOnlyForDeploymentPostprocessing = 0;
		};
/* End PBXSourcesBuildPhase section */

/* Begin PBXVariantGroup section */
		A7597BA52BA73B9B00EB40E5 /* LaunchScreen.storyboard */ = {
			isa = PBXVariantGroup;
			children = (
				A7597BA62BA73B9B00EB40E5 /* Base */,
			);
			name = LaunchScreen.storyboard;
			sourceTree = "<group>";
		};
/* End PBXVariantGroup section */

/* Begin XCBuildConfiguration section */
		A7597BA92BA73B9B00EB40E5 /* Debug */ = {
			isa = XCBuildConfiguration;
			buildSettings = {
				ALWAYS_SEARCH_USER_PATHS = NO;
				ASSETCATALOG_COMPILER_GENERATE_SWIFT_ASSET_SYMBOL_EXTENSIONS = YES;
				CLANG_ANALYZER_NONNULL = YES;
				CLANG_ANALYZER_NUMBER_OBJECT_CONVERSION = YES_AGGRESSIVE;
				CLANG_CXX_LANGUAGE_STANDARD = "gnu++20";
				CLANG_ENABLE_MODULES = YES;
				CLANG_ENABLE_OBJC_ARC = YES;
				CLANG_ENABLE_OBJC_WEAK = YES;
				CLANG_WARN_BLOCK_CAPTURE_AUTORELEASING = YES;
				CLANG_WARN_BOOL_CONVERSION = YES;
				CLANG_WARN_COMMA = YES;
				CLANG_WARN_CONSTANT_CONVERSION = YES;
				CLANG_WARN_DEPRECATED_OBJC_IMPLEMENTATIONS = YES;
				CLANG_WARN_DIRECT_OBJC_ISA_USAGE = YES_ERROR;
				CLANG_WARN_DOCUMENTATION_COMMENTS = YES;
				CLANG_WARN_EMPTY_BODY = YES;
				CLANG_WARN_ENUM_CONVERSION = YES;
				CLANG_WARN_INFINITE_RECURSION = YES;
				CLANG_WARN_INT_CONVERSION = YES;
				CLANG_WARN_NON_LITERAL_NULL_CONVERSION = YES;
				CLANG_WARN_OBJC_IMPLICIT_RETAIN_SELF = YES;
				CLANG_WARN_OBJC_LITERAL_CONVERSION = YES;
				CLANG_WARN_OBJC_ROOT_CLASS = YES_ERROR;
				CLANG_WARN_QUOTED_INCLUDE_IN_FRAMEWORK_HEADER = YES;
				CLANG_WARN_RANGE_LOOP_ANALYSIS = YES;
				CLANG_WARN_STRICT_PROTOTYPES = YES;
				CLANG_WARN_SUSPICIOUS_MOVE = YES;
				CLANG_WARN_UNGUARDED_AVAILABILITY = YES_AGGRESSIVE;
				CLANG_WARN_UNREACHABLE_CODE = YES;
				CLANG_WARN__DUPLICATE_METHOD_MATCH = YES;
				COPY_PHASE_STRIP = NO;
				DEBUG_INFORMATION_FORMAT = dwarf;
				ENABLE_STRICT_OBJC_MSGSEND = YES;
				ENABLE_TESTABILITY = YES;
				ENABLE_USER_SCRIPT_SANDBOXING = YES;
				GCC_C_LANGUAGE_STANDARD = gnu17;
				GCC_DYNAMIC_NO_PIC = NO;
				GCC_NO_COMMON_BLOCKS = YES;
				GCC_OPTIMIZATION_LEVEL = 0;
				GCC_PREPROCESSOR_DEFINITIONS = (
					"DEBUG=1",
					"$(inherited)",
				);
				GCC_WARN_64_TO_32_BIT_CONVERSION = YES;
				GCC_WARN_ABOUT_RETURN_TYPE = YES_ERROR;
				GCC_WARN_UNDECLARED_SELECTOR = YES;
				GCC_WARN_UNINITIALIZED_AUTOS = YES_AGGRESSIVE;
				GCC_WARN_UNUSED_FUNCTION = YES;
				GCC_WARN_UNUSED_VARIABLE = YES;
				IPHONEOS_DEPLOYMENT_TARGET = 17.4;
				LOCALIZATION_PREFERS_STRING_CATALOGS = YES;
				MTL_ENABLE_DEBUG_INFO = INCLUDE_SOURCE;
				MTL_FAST_MATH = YES;
				ONLY_ACTIVE_ARCH = YES;
				SDKROOT = iphoneos;
				SWIFT_ACTIVE_COMPILATION_CONDITIONS = "DEBUG $(inherited)";
				SWIFT_OPTIMIZATION_LEVEL = "-Onone";
			};
			name = Debug;
		};
		A7597BAA2BA73B9B00EB40E5 /* Release */ = {
			isa = XCBuildConfiguration;
			buildSettings = {
				ALWAYS_SEARCH_USER_PATHS = NO;
				ASSETCATALOG_COMPILER_GENERATE_SWIFT_ASSET_SYMBOL_EXTENSIONS = YES;
				CLANG_ANALYZER_NONNULL = YES;
				CLANG_ANALYZER_NUMBER_OBJECT_CONVERSION = YES_AGGRESSIVE;
				CLANG_CXX_LANGUAGE_STANDARD = "gnu++20";
				CLANG_ENABLE_MODULES = YES;
				CLANG_ENABLE_OBJC_ARC = YES;
				CLANG_ENABLE_OBJC_WEAK = YES;
				CLANG_WARN_BLOCK_CAPTURE_AUTORELEASING = YES;
				CLANG_WARN_BOOL_CONVERSION = YES;
				CLANG_WARN_COMMA = YES;
				CLANG_WARN_CONSTANT_CONVERSION = YES;
				CLANG_WARN_DEPRECATED_OBJC_IMPLEMENTATIONS = YES;
				CLANG_WARN_DIRECT_OBJC_ISA_USAGE = YES_ERROR;
				CLANG_WARN_DOCUMENTATION_COMMENTS = YES;
				CLANG_WARN_EMPTY_BODY = YES;
				CLANG_WARN_ENUM_CONVERSION = YES;
				CLANG_WARN_INFINITE_RECURSION = YES;
				CLANG_WARN_INT_CONVERSION = YES;
				CLANG_WARN_NON_LITERAL_NULL_CONVERSION = YES;
				CLANG_WARN_OBJC_IMPLICIT_RETAIN_SELF = YES;
				CLANG_WARN_OBJC_LITERAL_CONVERSION = YES;
				CLANG_WARN_OBJC_ROOT_CLASS = YES_ERROR;
				CLANG_WARN_QUOTED_INCLUDE_IN_FRAMEWORK_HEADER = YES;
				CLANG_WARN_RANGE_LOOP_ANALYSIS = YES;
				CLANG_WARN_STRICT_PROTOTYPES = YES;
				CLANG_WARN_SUSPICIOUS_MOVE = YES;
				CLANG_WARN_UNGUARDED_AVAILABILITY = YES_AGGRESSIVE;
				CLANG_WARN_UNREACHABLE_CODE = YES;
				CLANG_WARN__DUPLICATE_METHOD_MATCH = YES;
				COPY_PHASE_STRIP = NO;
				DEBUG_INFORMATION_FORMAT = "dwarf-with-dsym";
				ENABLE_NS_ASSERTIONS = NO;
				ENABLE_STRICT_OBJC_MSGSEND = YES;
				ENABLE_USER_SCRIPT_SANDBOXING = YES;
				GCC_C_LANGUAGE_STANDARD = gnu17;
				GCC_NO_COMMON_BLOCKS = YES;
				GCC_WARN_64_TO_32_BIT_CONVERSION = YES;
				GCC_WARN_ABOUT_RETURN_TYPE = YES_ERROR;
				GCC_WARN_UNDECLARED_SELECTOR = YES;
				GCC_WARN_UNINITIALIZED_AUTOS = YES_AGGRESSIVE;
				GCC_WARN_UNUSED_FUNCTION = YES;
				GCC_WARN_UNUSED_VARIABLE = YES;
				IPHONEOS_DEPLOYMENT_TARGET = 17.4;
				LOCALIZATION_PREFERS_STRING_CATALOGS = YES;
				MTL_ENABLE_DEBUG_INFO = NO;
				MTL_FAST_MATH = YES;
				SDKROOT = iphoneos;
				SWIFT_COMPILATION_MODE = wholemodule;
				VALIDATE_PRODUCT = YES;
			};
			name = Release;
		};
		A7597BAC2BA73B9B00EB40E5 /* Debug */ = {
			isa = XCBuildConfiguration;
			buildSettings = {
				ASSETCATALOG_COMPILER_APPICON_NAME = AppIcon;
				ASSETCATALOG_COMPILER_GLOBAL_ACCENT_COLOR_NAME = AccentColor;
				CODE_SIGN_STYLE = Automatic;
				CURRENT_PROJECT_VERSION = 1;
				DEVELOPMENT_TEAM = SY7PBM976M;
				GENERATE_INFOPLIST_FILE = YES;
				INFOPLIST_FILE = testApplication/Info.plist;
				INFOPLIST_KEY_UIApplicationSupportsIndirectInputEvents = YES;
				INFOPLIST_KEY_UILaunchStoryboardName = LaunchScreen;
				INFOPLIST_KEY_UISupportedInterfaceOrientations_iPad = "UIInterfaceOrientationPortrait UIInterfaceOrientationPortraitUpsideDown UIInterfaceOrientationLandscapeLeft UIInterfaceOrientationLandscapeRight";
				INFOPLIST_KEY_UISupportedInterfaceOrientations_iPhone = "UIInterfaceOrientationPortrait UIInterfaceOrientationLandscapeLeft UIInterfaceOrientationLandscapeRight";
				LD_RUNPATH_SEARCH_PATHS = (
					"$(inherited)",
					"@executable_path/Frameworks",
				);
				MARKETING_VERSION = 1.0;
				PRODUCT_BUNDLE_IDENTIFIER = com.ol.testApplication;
				PRODUCT_NAME = "$(TARGET_NAME)";
				SWIFT_EMIT_LOC_STRINGS = YES;
				SWIFT_VERSION = 5.0;
				TARGETED_DEVICE_FAMILY = "1,2";
			};
			name = Debug;
		};
		A7597BAD2BA73B9B00EB40E5 /* Release */ = {
			isa = XCBuildConfiguration;
			buildSettings = {
				ASSETCATALOG_COMPILER_APPICON_NAME = AppIcon;
				ASSETCATALOG_COMPILER_GLOBAL_ACCENT_COLOR_NAME = AccentColor;
				CODE_SIGN_STYLE = Automatic;
				CURRENT_PROJECT_VERSION = 1;
				DEVELOPMENT_TEAM = SY7PBM976M;
				GENERATE_INFOPLIST_FILE = YES;
				INFOPLIST_FILE = testApplication/Info.plist;
				INFOPLIST_KEY_UIApplicationSupportsIndirectInputEvents = YES;
				INFOPLIST_KEY_UILaunchStoryboardName = LaunchScreen;
				INFOPLIST_KEY_UISupportedInterfaceOrientations_iPad = "UIInterfaceOrientationPortrait UIInterfaceOrientationPortraitUpsideDown UIInterfaceOrientationLandscapeLeft UIInterfaceOrientationLandscapeRight";
				INFOPLIST_KEY_UISupportedInterfaceOrientations_iPhone = "UIInterfaceOrientationPortrait UIInterfaceOrientationLandscapeLeft UIInterfaceOrientationLandscapeRight";
				LD_RUNPATH_SEARCH_PATHS = (
					"$(inherited)",
					"@executable_path/Frameworks",
				);
				MARKETING_VERSION = 1.0;
				PRODUCT_BUNDLE_IDENTIFIER = com.ol.testApplication;
				PRODUCT_NAME = "$(TARGET_NAME)";
				SWIFT_EMIT_LOC_STRINGS = YES;
				SWIFT_VERSION = 5.0;
				TARGETED_DEVICE_FAMILY = "1,2";
			};
			name = Release;
		};
/* End XCBuildConfiguration section */

/* Begin XCConfigurationList section */
		A7597B922BA73B9A00EB40E5 /* Build configuration list for PBXProject "testApplication" */ = {
			isa = XCConfigurationList;
			buildConfigurations = (
				A7597BA92BA73B9B00EB40E5 /* Debug */,
				A7597BAA2BA73B9B00EB40E5 /* Release */,
			);
			defaultConfigurationIsVisible = 0;
			defaultConfigurationName = Release;
		};
		A7597BAB2BA73B9B00EB40E5 /* Build configuration list for PBXNativeTarget "testApplication" */ = {
			isa = XCConfigurationList;
			buildConfigurations = (
				A7597BAC2BA73B9B00EB40E5 /* Debug */,
				A7597BAD2BA73B9B00EB40E5 /* Release */,
			);
			defaultConfigurationIsVisible = 0;
			defaultConfigurationName = Release;
		};
/* End XCConfigurationList section */
	};
	rootObject = A7597B8F2BA73B9A00EB40E5 /* Project object */;
}
